
Microsoft Visual Studio Solution File, Format Version 12.00
# Visual Studio 2012
Project("{FAE04EC0-301F-11D3-BF4B-00C04F79EFBC}") = "XTC.UITestReproduction", "XTC.UITestReproduction\XTC.UITestReproduction.csproj", "{DCDC8078-F32D-4F46-A45A-E6EAF7AD0365}"
EndProject
Project("{FAE04EC0-301F-11D3-BF4B-00C04F79EFBC}") = "XTC.UITestReproduction.Droid", "Droid\XTC.UITestReproduction.Droid.csproj", "{1F043138-366F-449E-94AB-18983B31876B}"
EndProject
Project("{FAE04EC0-301F-11D3-BF4B-00C04F79EFBC}") = "XTC.UITestReproduction.UITests", "UITests\XTC.UITestReproduction.UITests.csproj", "{7C335114-3797-443A-8C34-8EE2E9A3E3E6}"
EndProject
Global
	GlobalSection(SolutionConfigurationPlatforms) = preSolution
		Debug|Any CPU = Debug|Any CPU
		Release|Any CPU = Release|Any CPU
		Debug|iPhoneSimulator = Debug|iPhoneSimulator
		Release|iPhone = Release|iPhone
		Release|iPhoneSimulator = Release|iPhoneSimulator
		Debug|iPhone = Debug|iPhone
	EndGlobalSection
	GlobalSection(ProjectConfigurationPlatforms) = postSolution
		{DCDC8078-F32D-4F46-A45A-E6EAF7AD0365}.Debug|Any CPU.ActiveCfg = Debug|Any CPU
		{DCDC8078-F32D-4F46-A45A-E6EAF7AD0365}.Debug|Any CPU.Build.0 = Debug|Any CPU
		{DCDC8078-F32D-4F46-A45A-E6EAF7AD0365}.Release|Any CPU.ActiveCfg = Release|Any CPU
		{DCDC8078-F32D-4F46-A45A-E6EAF7AD0365}.Release|Any CPU.Build.0 = Release|Any CPU
		{DCDC8078-F32D-4F46-A45A-E6EAF7AD0365}.Debug|iPhoneSimulator.ActiveCfg = Debug|Any CPU
		{DCDC8078-F32D-4F46-A45A-E6EAF7AD0365}.Debug|iPhoneSimulator.Build.0 = Debug|Any CPU
		{DCDC8078-F32D-4F46-A45A-E6EAF7AD0365}.Release|iPhone.ActiveCfg = Release|Any CPU
		{DCDC8078-F32D-4F46-A45A-E6EAF7AD0365}.Release|iPhone.Build.0 = Release|Any CPU
		{DCDC8078-F32D-4F46-A45A-E6EAF7AD0365}.Release|iPhoneSimulator.ActiveCfg = Release|Any CPU
		{DCDC8078-F32D-4F46-A45A-E6EAF7AD0365}.Release|iPhoneSimulator.Build.0 = Release|Any CPU
		{DCDC8078-F32D-4F46-A45A-E6EAF7AD0365}.Debug|iPhone.ActiveCfg = Debug|Any CPU
		{DCDC8078-F32D-4F46-A45A-E6EAF7AD0365}.Debug|iPhone.Build.0 = Debug|Any CPU
		{1F043138-366F-449E-94AB-18983B31876B}.Debug|Any CPU.ActiveCfg = Debug|Any CPU
		{1F043138-366F-449E-94AB-18983B31876B}.Debug|Any CPU.Build.0 = Debug|Any CPU
		{1F043138-366F-449E-94AB-18983B31876B}.Release|Any CPU.ActiveCfg = Release|Any CPU
		{1F043138-366F-449E-94AB-18983B31876B}.Release|Any CPU.Build.0 = Release|Any CPU
		{1F043138-366F-449E-94AB-18983B31876B}.Debug|iPhoneSimulator.ActiveCfg = Debug|Any CPU
		{1F043138-366F-449E-94AB-18983B31876B}.Debug|iPhoneSimulator.Build.0 = Debug|Any CPU
		{1F043138-366F-449E-94AB-18983B31876B}.Release|iPhone.ActiveCfg = Release|Any CPU
		{1F043138-366F-449E-94AB-18983B31876B}.Release|iPhone.Build.0 = Release|Any CPU
		{1F043138-366F-449E-94AB-18983B31876B}.Release|iPhoneSimulator.ActiveCfg = Release|Any CPU
		{1F043138-366F-449E-94AB-18983B31876B}.Release|iPhoneSimulator.Build.0 = Release|Any CPU
		{1F043138-366F-449E-94AB-18983B31876B}.Debug|iPhone.ActiveCfg = Debug|Any CPU
		{1F043138-366F-449E-94AB-18983B31876B}.Debug|iPhone.Build.0 = Debug|Any CPU
		{7C335114-3797-443A-8C34-8EE2E9A3E3E6}.Debug|Any CPU.ActiveCfg = Debug|Any CPU
		{7C335114-3797-443A-8C34-8EE2E9A3E3E6}.Debug|Any CPU.Build.0 = Debug|Any CPU
		{7C335114-3797-443A-8C34-8EE2E9A3E3E6}.Release|Any CPU.ActiveCfg = Release|Any CPU
		{7C335114-3797-443A-8C34-8EE2E9A3E3E6}.Release|Any CPU.Build.0 = Release|Any CPU
		{7C335114-3797-443A-8C34-8EE2E9A3E3E6}.Debug|iPhoneSimulator.ActiveCfg = Debug|Any CPU
		{7C335114-3797-443A-8C34-8EE2E9A3E3E6}.Debug|iPhoneSimulator.Build.0 = Debug|Any CPU
		{7C335114-3797-443A-8C34-8EE2E9A3E3E6}.Release|iPhone.ActiveCfg = Release|Any CPU
		{7C335114-3797-443A-8C34-8EE2E9A3E3E6}.Release|iPhone.Build.0 = Release|Any CPU
		{7C335114-3797-443A-8C34-8EE2E9A3E3E6}.Release|iPhoneSimulator.ActiveCfg = Release|Any CPU
		{7C335114-3797-443A-8C34-8EE2E9A3E3E6}.Release|iPhoneSimulator.Build.0 = Release|Any CPU
		{7C335114-3797-443A-8C34-8EE2E9A3E3E6}.Debug|iPhone.ActiveCfg = Debug|Any CPU
		{7C335114-3797-443A-8C34-8EE2E9A3E3E6}.Debug|iPhone.Build.0 = Debug|Any CPU
	EndGlobalSection
EndGlobal
